
Microsoft Visual Studio Solution File, Format Version 12.00
# Visual Studio Version 17
VisualStudioVersion = 17.2.32505.173
MinimumVisualStudioVersion = 10.0.40219.1
Project("{FAE04EC0-301F-11D3-BF4B-00C04F79EFBC}") = "UsoDeArreglos", "UsoDeArreglos\UsoDeArreglos.csproj", "{CC5B17E4-54B9-4ED0-97EE-4EF09B05CA18}"
EndProject
Global
	GlobalSection(SolutionConfigurationPlatforms) = preSolution
		Debug|Any CPU = Debug|Any CPU
		Release|Any CPU = Release|Any CPU
	EndGlobalSection
	GlobalSection(ProjectConfigurationPlatforms) = postSolution
		{CC5B17E4-54B9-4ED0-97EE-4EF09B05CA18}.Debug|Any CPU.ActiveCfg = Debug|Any CPU
		{CC5B17E4-54B9-4ED0-97EE-4EF09B05CA18}.Debug|Any CPU.Build.0 = Debug|Any CPU
		{CC5B17E4-54B9-4ED0-97EE-4EF09B05CA18}.Release|Any CPU.ActiveCfg = Release|Any CPU
		{CC5B17E4-54B9-4ED0-97EE-4EF09B05CA18}.Release|Any CPU.Build.0 = Release|Any CPU
	EndGlobalSection
	GlobalSection(SolutionProperties) = preSolution
		HideSolutionNode = FALSE
	EndGlobalSection
	GlobalSection(ExtensibilityGlobals) = postSolution
		SolutionGuid = {7EC5D8B0-CE5B-44CE-9872-3891CC4ECBF9}
	EndGlobalSection
EndGlobal
